
Microsoft Visual Studio Solution File, Format Version 12.00
# Visual Studio Version 17
VisualStudioVersion = 17.1.32414.318
MinimumVisualStudioVersion = 10.0.40219.1
Project("{FAE04EC0-301F-11D3-BF4B-00C04F79EFBC}") = "app-crud-backend", "app-crud-backend\app-crud-backend.csproj", "{B2B75DEA-80D6-407A-968D-F871D3213943}"
EndProject
Global
	GlobalSection(SolutionConfigurationPlatforms) = preSolution
		Debug|Any CPU = Debug|Any CPU
		Release|Any CPU = Release|Any CPU
	EndGlobalSection
	GlobalSection(ProjectConfigurationPlatforms) = postSolution
		{B2B75DEA-80D6-407A-968D-F871D3213943}.Debug|Any CPU.ActiveCfg = Debug|Any CPU
		{B2B75DEA-80D6-407A-968D-F871D3213943}.Debug|Any CPU.Build.0 = Debug|Any CPU
		{B2B75DEA-80D6-407A-968D-F871D3213943}.Release|Any CPU.ActiveCfg = Release|Any CPU
		{B2B75DEA-80D6-407A-968D-F871D3213943}.Release|Any CPU.Build.0 = Release|Any CPU
	EndGlobalSection
	GlobalSection(SolutionProperties) = preSolution
		HideSolutionNode = FALSE
	EndGlobalSection
	GlobalSection(ExtensibilityGlobals) = postSolution
		SolutionGuid = {E1D73B5C-0888-4C73-B28E-134398952B8F}
	EndGlobalSection
EndGlobal
